
Microsoft Visual Studio Solution File, Format Version 12.00
# Visual Studio Version 17
VisualStudioVersion = 17.4.33122.133
MinimumVisualStudioVersion = 10.0.40219.1
Project("{9A19103F-16F7-4668-BE54-9A1E7A4F7556}") = "OrbisTerrarum", "OrbisTerrarum\OrbisTerrarum.csproj", "{443E6BD1-BEAD-407E-B091-C74B86EBC269}"
EndProject
Project("{9A19103F-16F7-4668-BE54-9A1E7A4F7556}") = "DataAccessLayerOrbis", "DataAccessLayerOrbis\DataAccessLayerOrbis.csproj", "{3F766E8B-E1C4-494F-8FA0-B2196B50C70E}"
EndProject
Project("{9A19103F-16F7-4668-BE54-9A1E7A4F7556}") = "LogicLayerOrbis", "LogicLayerOrbis\LogicLayerOrbis.csproj", "{E92D1F98-639C-422F-9BA3-C91B0A387895}"
EndProject
Project("{9A19103F-16F7-4668-BE54-9A1E7A4F7556}") = "InterfaceLayerOrbis", "InterfaceLayer\InterfaceLayerOrbis.csproj", "{168DB0B8-A1D7-4A6F-8458-25DA690E773D}"
EndProject
Project("{9A19103F-16F7-4668-BE54-9A1E7A4F7556}") = "FactoryLayerOrbis", "FactoryLayerOrbis\FactoryLayerOrbis.csproj", "{2416402B-6EBC-4AFF-A69B-CBA3B3312069}"
EndProject
Global
	GlobalSection(SolutionConfigurationPlatforms) = preSolution
		Debug|Any CPU = Debug|Any CPU
		Release|Any CPU = Release|Any CPU
	EndGlobalSection
	GlobalSection(ProjectConfigurationPlatforms) = postSolution
		{443E6BD1-BEAD-407E-B091-C74B86EBC269}.Debug|Any CPU.ActiveCfg = Debug|Any CPU
		{443E6BD1-BEAD-407E-B091-C74B86EBC269}.Debug|Any CPU.Build.0 = Debug|Any CPU
		{443E6BD1-BEAD-407E-B091-C74B86EBC269}.Release|Any CPU.ActiveCfg = Release|Any CPU
		{443E6BD1-BEAD-407E-B091-C74B86EBC269}.Release|Any CPU.Build.0 = Release|Any CPU
		{3F766E8B-E1C4-494F-8FA0-B2196B50C70E}.Debug|Any CPU.ActiveCfg = Debug|Any CPU
		{3F766E8B-E1C4-494F-8FA0-B2196B50C70E}.Debug|Any CPU.Build.0 = Debug|Any CPU
		{3F766E8B-E1C4-494F-8FA0-B2196B50C70E}.Release|Any CPU.ActiveCfg = Release|Any CPU
		{3F766E8B-E1C4-494F-8FA0-B2196B50C70E}.Release|Any CPU.Build.0 = Release|Any CPU
		{E92D1F98-639C-422F-9BA3-C91B0A387895}.Debug|Any CPU.ActiveCfg = Debug|Any CPU
		{E92D1F98-639C-422F-9BA3-C91B0A387895}.Debug|Any CPU.Build.0 = Debug|Any CPU
		{E92D1F98-639C-422F-9BA3-C91B0A387895}.Release|Any CPU.ActiveCfg = Release|Any CPU
		{E92D1F98-639C-422F-9BA3-C91B0A387895}.Release|Any CPU.Build.0 = Release|Any CPU
		{168DB0B8-A1D7-4A6F-8458-25DA690E773D}.Debug|Any CPU.ActiveCfg = Debug|Any CPU
		{168DB0B8-A1D7-4A6F-8458-25DA690E773D}.Debug|Any CPU.Build.0 = Debug|Any CPU
		{168DB0B8-A1D7-4A6F-8458-25DA690E773D}.Release|Any CPU.ActiveCfg = Release|Any CPU
		{168DB0B8-A1D7-4A6F-8458-25DA690E773D}.Release|Any CPU.Build.0 = Release|Any CPU
		{2416402B-6EBC-4AFF-A69B-CBA3B3312069}.Debug|Any CPU.ActiveCfg = Debug|Any CPU
		{2416402B-6EBC-4AFF-A69B-CBA3B3312069}.Debug|Any CPU.Build.0 = Debug|Any CPU
		{2416402B-6EBC-4AFF-A69B-CBA3B3312069}.Release|Any CPU.ActiveCfg = Release|Any CPU
		{2416402B-6EBC-4AFF-A69B-CBA3B3312069}.Release|Any CPU.Build.0 = Release|Any CPU
	EndGlobalSection
	GlobalSection(SolutionProperties) = preSolution
		HideSolutionNode = FALSE
	EndGlobalSection
	GlobalSection(ExtensibilityGlobals) = postSolution
		SolutionGuid = {C9F2E110-292E-407C-AB46-3019D688281E}
	EndGlobalSection
EndGlobal
